
Microsoft Visual Studio Solution File, Format Version 12.00
# Visual Studio 15
VisualStudioVersion = 15.0.27428.2015
MinimumVisualStudioVersion = 10.0.40219.1
Project("{FAE04EC0-301F-11D3-BF4B-00C04F79EFBC}") = "MVCDemo", "MVCDemo\MVCDemo.csproj", "{C9465F74-5B23-4C34-B915-30362F1BF7DF}"
EndProject
Global
	GlobalSection(SolutionConfigurationPlatforms) = preSolution
		Debug|Any CPU = Debug|Any CPU
		Release|Any CPU = Release|Any CPU
	EndGlobalSection
	GlobalSection(ProjectConfigurationPlatforms) = postSolution
		{C9465F74-5B23-4C34-B915-30362F1BF7DF}.Debug|Any CPU.ActiveCfg = Debug|Any CPU
		{C9465F74-5B23-4C34-B915-30362F1BF7DF}.Debug|Any CPU.Build.0 = Debug|Any CPU
		{C9465F74-5B23-4C34-B915-30362F1BF7DF}.Release|Any CPU.ActiveCfg = Release|Any CPU
		{C9465F74-5B23-4C34-B915-30362F1BF7DF}.Release|Any CPU.Build.0 = Release|Any CPU
	EndGlobalSection
	GlobalSection(SolutionProperties) = preSolution
		HideSolutionNode = FALSE
	EndGlobalSection
	GlobalSection(ExtensibilityGlobals) = postSolution
		SolutionGuid = {35B68E5A-276F-446E-8C61-D1664E57C18F}
	EndGlobalSection
EndGlobal
